
Microsoft Visual Studio Solution File, Format Version 12.00
# Visual Studio Version 17
VisualStudioVersion = 17.14.36408.4 d17.14
MinimumVisualStudioVersion = 10.0.40219.1
Project("{FAE04EC0-301F-11D3-BF4B-00C04F79EFBC}") = "lab_14", "lab_14\lab_14.csproj", "{10621CFE-0373-429C-8115-9E5838829049}"
EndProject
Global
	GlobalSection(SolutionConfigurationPlatforms) = preSolution
		Debug|Any CPU = Debug|Any CPU
		Release|Any CPU = Release|Any CPU
	EndGlobalSection
	GlobalSection(ProjectConfigurationPlatforms) = postSolution
		{10621CFE-0373-429C-8115-9E5838829049}.Debug|Any CPU.ActiveCfg = Debug|Any CPU
		{10621CFE-0373-429C-8115-9E5838829049}.Debug|Any CPU.Build.0 = Debug|Any CPU
		{10621CFE-0373-429C-8115-9E5838829049}.Release|Any CPU.ActiveCfg = Release|Any CPU
		{10621CFE-0373-429C-8115-9E5838829049}.Release|Any CPU.Build.0 = Release|Any CPU
	EndGlobalSection
	GlobalSection(SolutionProperties) = preSolution
		HideSolutionNode = FALSE
	EndGlobalSection
	GlobalSection(ExtensibilityGlobals) = postSolution
		SolutionGuid = {6F176757-33EC-4EC8-AF47-095647EE08B8}
	EndGlobalSection
EndGlobal
