
Microsoft Visual Studio Solution File, Format Version 12.00
# Visual Studio Version 17
VisualStudioVersion = 17.14.36408.4 d17.14
MinimumVisualStudioVersion = 10.0.40219.1
Project("{FAE04EC0-301F-11D3-BF4B-00C04F79EFBC}") = "lab_6", "lab_6\lab_6.csproj", "{B412CC65-8238-4BA7-A9C7-CDDAC7A8F034}"
EndProject
Global
	GlobalSection(SolutionConfigurationPlatforms) = preSolution
		Debug|Any CPU = Debug|Any CPU
		Release|Any CPU = Release|Any CPU
	EndGlobalSection
	GlobalSection(ProjectConfigurationPlatforms) = postSolution
		{B412CC65-8238-4BA7-A9C7-CDDAC7A8F034}.Debug|Any CPU.ActiveCfg = Debug|Any CPU
		{B412CC65-8238-4BA7-A9C7-CDDAC7A8F034}.Debug|Any CPU.Build.0 = Debug|Any CPU
		{B412CC65-8238-4BA7-A9C7-CDDAC7A8F034}.Release|Any CPU.ActiveCfg = Release|Any CPU
		{B412CC65-8238-4BA7-A9C7-CDDAC7A8F034}.Release|Any CPU.Build.0 = Release|Any CPU
	EndGlobalSection
	GlobalSection(SolutionProperties) = preSolution
		HideSolutionNode = FALSE
	EndGlobalSection
	GlobalSection(ExtensibilityGlobals) = postSolution
		SolutionGuid = {138E6FC1-6CE8-4A9D-A8B0-FAB2CF90171C}
	EndGlobalSection
EndGlobal
