
Microsoft Visual Studio Solution File, Format Version 12.00
# Visual Studio Version 17
VisualStudioVersion = 17.14.36121.58 d17.14
MinimumVisualStudioVersion = 10.0.40219.1
Project("{FAE04EC0-301F-11D3-BF4B-00C04F79EFBC}") = "DAL004", "DAL004\DAL004.csproj", "{0517FE19-4A22-4302-B012-34B7AE6A3E08}"
EndProject
Project("{FAE04EC0-301F-11D3-BF4B-00C04F79EFBC}") = "Test_DAL004", "Test_DAL004\Test_DAL004.csproj", "{6090336A-2054-47C6-BE8D-ACDCDF85B54B}"
EndProject
Project("{FAE04EC0-301F-11D3-BF4B-00C04F79EFBC}") = "ASPA004_1", "ASPA004_1\ASPA004_1.csproj", "{67D4D427-C6B9-4C28-A942-59FFB8C52534}"
EndProject
Project("{FAE04EC0-301F-11D3-BF4B-00C04F79EFBC}") = "ASPA004_2", "ASPA004_2\ASPA004_2.csproj", "{238DE190-E839-4523-80EE-B932B8DC6F2D}"
EndProject
Project("{FAE04EC0-301F-11D3-BF4B-00C04F79EFBC}") = "ASPA004_3", "ASPA004_3\ASPA004_3.csproj", "{93D5AB62-847D-46B1-8266-66B5F39D827E}"
EndProject
Global
	GlobalSection(SolutionConfigurationPlatforms) = preSolution
		Debug|Any CPU = Debug|Any CPU
		Release|Any CPU = Release|Any CPU
	EndGlobalSection
	GlobalSection(ProjectConfigurationPlatforms) = postSolution
		{0517FE19-4A22-4302-B012-34B7AE6A3E08}.Debug|Any CPU.ActiveCfg = Debug|Any CPU
		{0517FE19-4A22-4302-B012-34B7AE6A3E08}.Debug|Any CPU.Build.0 = Debug|Any CPU
		{0517FE19-4A22-4302-B012-34B7AE6A3E08}.Release|Any CPU.ActiveCfg = Release|Any CPU
		{0517FE19-4A22-4302-B012-34B7AE6A3E08}.Release|Any CPU.Build.0 = Release|Any CPU
		{6090336A-2054-47C6-BE8D-ACDCDF85B54B}.Debug|Any CPU.ActiveCfg = Debug|Any CPU
		{6090336A-2054-47C6-BE8D-ACDCDF85B54B}.Debug|Any CPU.Build.0 = Debug|Any CPU
		{6090336A-2054-47C6-BE8D-ACDCDF85B54B}.Release|Any CPU.ActiveCfg = Release|Any CPU
		{6090336A-2054-47C6-BE8D-ACDCDF85B54B}.Release|Any CPU.Build.0 = Release|Any CPU
		{67D4D427-C6B9-4C28-A942-59FFB8C52534}.Debug|Any CPU.ActiveCfg = Debug|Any CPU
		{67D4D427-C6B9-4C28-A942-59FFB8C52534}.Debug|Any CPU.Build.0 = Debug|Any CPU
		{67D4D427-C6B9-4C28-A942-59FFB8C52534}.Release|Any CPU.ActiveCfg = Release|Any CPU
		{67D4D427-C6B9-4C28-A942-59FFB8C52534}.Release|Any CPU.Build.0 = Release|Any CPU
		{238DE190-E839-4523-80EE-B932B8DC6F2D}.Debug|Any CPU.ActiveCfg = Debug|Any CPU
		{238DE190-E839-4523-80EE-B932B8DC6F2D}.Debug|Any CPU.Build.0 = Debug|Any CPU
		{238DE190-E839-4523-80EE-B932B8DC6F2D}.Release|Any CPU.ActiveCfg = Release|Any CPU
		{238DE190-E839-4523-80EE-B932B8DC6F2D}.Release|Any CPU.Build.0 = Release|Any CPU
		{93D5AB62-847D-46B1-8266-66B5F39D827E}.Debug|Any CPU.ActiveCfg = Debug|Any CPU
		{93D5AB62-847D-46B1-8266-66B5F39D827E}.Debug|Any CPU.Build.0 = Debug|Any CPU
		{93D5AB62-847D-46B1-8266-66B5F39D827E}.Release|Any CPU.ActiveCfg = Release|Any CPU
		{93D5AB62-847D-46B1-8266-66B5F39D827E}.Release|Any CPU.Build.0 = Release|Any CPU
	EndGlobalSection
	GlobalSection(SolutionProperties) = preSolution
		HideSolutionNode = FALSE
	EndGlobalSection
	GlobalSection(ExtensibilityGlobals) = postSolution
		SolutionGuid = {7DF0A801-DFAE-425B-91AF-A31FE71AE59B}
	EndGlobalSection
EndGlobal
