
Microsoft Visual Studio Solution File, Format Version 12.00
# Visual Studio Version 17
VisualStudioVersion = 17.14.36408.4 d17.14
MinimumVisualStudioVersion = 10.0.40219.1
Project("{FAE04EC0-301F-11D3-BF4B-00C04F79EFBC}") = "lab_5", "lab_5\lab_5.csproj", "{8D095374-0358-420D-B0DE-834D406EF741}"
EndProject
Global
	GlobalSection(SolutionConfigurationPlatforms) = preSolution
		Debug|Any CPU = Debug|Any CPU
		Release|Any CPU = Release|Any CPU
	EndGlobalSection
	GlobalSection(ProjectConfigurationPlatforms) = postSolution
		{8D095374-0358-420D-B0DE-834D406EF741}.Debug|Any CPU.ActiveCfg = Debug|Any CPU
		{8D095374-0358-420D-B0DE-834D406EF741}.Debug|Any CPU.Build.0 = Debug|Any CPU
		{8D095374-0358-420D-B0DE-834D406EF741}.Release|Any CPU.ActiveCfg = Release|Any CPU
		{8D095374-0358-420D-B0DE-834D406EF741}.Release|Any CPU.Build.0 = Release|Any CPU
	EndGlobalSection
	GlobalSection(SolutionProperties) = preSolution
		HideSolutionNode = FALSE
	EndGlobalSection
	GlobalSection(ExtensibilityGlobals) = postSolution
		SolutionGuid = {B06C0500-0FA7-4852-8816-85F9E64A978B}
	EndGlobalSection
EndGlobal
