
Microsoft Visual Studio Solution File, Format Version 12.00
# Visual Studio Version 17
VisualStudioVersion = 17.14.36408.4 d17.14
MinimumVisualStudioVersion = 10.0.40219.1
Project("{FAE04EC0-301F-11D3-BF4B-00C04F79EFBC}") = "ASPA005_1", "ASPA005_1\ASPA005_1.csproj", "{DD9926FD-AD2C-452F-9F06-B4D337B5F61A}"
EndProject
Project("{FAE04EC0-301F-11D3-BF4B-00C04F79EFBC}") = "DAL004", "..\lab_4\DAL004\DAL004\DAL004.csproj", "{DA68A064-9FAF-C371-BD2C-6394831F682A}"
EndProject
Project("{FAE04EC0-301F-11D3-BF4B-00C04F79EFBC}") = "ASPA005_2", "ASPA005_2\ASPA005_2.csproj", "{2D695DFA-99CD-4B74-A9D8-87380EAED88A}"
EndProject
Project("{FAE04EC0-301F-11D3-BF4B-00C04F79EFBC}") = "ASPA005_3", "ASPA005_3\ASPA005_3.csproj", "{BFDABFA9-77BA-4EAF-98AC-A2F7956D0417}"
EndProject
Project("{FAE04EC0-301F-11D3-BF4B-00C04F79EFBC}") = "Test_ASPA005_3", "Test_ASPA005_3\Test_ASPA005_3.csproj", "{57AE8F77-5135-4330-82EA-42C4E90C7EB7}"
EndProject
Global
	GlobalSection(SolutionConfigurationPlatforms) = preSolution
		Debug|Any CPU = Debug|Any CPU
		Release|Any CPU = Release|Any CPU
	EndGlobalSection
	GlobalSection(ProjectConfigurationPlatforms) = postSolution
		{DD9926FD-AD2C-452F-9F06-B4D337B5F61A}.Debug|Any CPU.ActiveCfg = Debug|Any CPU
		{DD9926FD-AD2C-452F-9F06-B4D337B5F61A}.Debug|Any CPU.Build.0 = Debug|Any CPU
		{DD9926FD-AD2C-452F-9F06-B4D337B5F61A}.Release|Any CPU.ActiveCfg = Release|Any CPU
		{DD9926FD-AD2C-452F-9F06-B4D337B5F61A}.Release|Any CPU.Build.0 = Release|Any CPU
		{DA68A064-9FAF-C371-BD2C-6394831F682A}.Debug|Any CPU.ActiveCfg = Debug|Any CPU
		{DA68A064-9FAF-C371-BD2C-6394831F682A}.Debug|Any CPU.Build.0 = Debug|Any CPU
		{DA68A064-9FAF-C371-BD2C-6394831F682A}.Release|Any CPU.ActiveCfg = Release|Any CPU
		{DA68A064-9FAF-C371-BD2C-6394831F682A}.Release|Any CPU.Build.0 = Release|Any CPU
		{2D695DFA-99CD-4B74-A9D8-87380EAED88A}.Debug|Any CPU.ActiveCfg = Debug|Any CPU
		{2D695DFA-99CD-4B74-A9D8-87380EAED88A}.Debug|Any CPU.Build.0 = Debug|Any CPU
		{2D695DFA-99CD-4B74-A9D8-87380EAED88A}.Release|Any CPU.ActiveCfg = Release|Any CPU
		{2D695DFA-99CD-4B74-A9D8-87380EAED88A}.Release|Any CPU.Build.0 = Release|Any CPU
		{BFDABFA9-77BA-4EAF-98AC-A2F7956D0417}.Debug|Any CPU.ActiveCfg = Debug|Any CPU
		{BFDABFA9-77BA-4EAF-98AC-A2F7956D0417}.Debug|Any CPU.Build.0 = Debug|Any CPU
		{BFDABFA9-77BA-4EAF-98AC-A2F7956D0417}.Release|Any CPU.ActiveCfg = Release|Any CPU
		{BFDABFA9-77BA-4EAF-98AC-A2F7956D0417}.Release|Any CPU.Build.0 = Release|Any CPU
		{57AE8F77-5135-4330-82EA-42C4E90C7EB7}.Debug|Any CPU.ActiveCfg = Debug|Any CPU
		{57AE8F77-5135-4330-82EA-42C4E90C7EB7}.Debug|Any CPU.Build.0 = Debug|Any CPU
		{57AE8F77-5135-4330-82EA-42C4E90C7EB7}.Release|Any CPU.ActiveCfg = Release|Any CPU
		{57AE8F77-5135-4330-82EA-42C4E90C7EB7}.Release|Any CPU.Build.0 = Release|Any CPU
	EndGlobalSection
	GlobalSection(SolutionProperties) = preSolution
		HideSolutionNode = FALSE
	EndGlobalSection
	GlobalSection(ExtensibilityGlobals) = postSolution
		SolutionGuid = {51B7127E-FB3C-484F-9365-D42AA4B13751}
	EndGlobalSection
EndGlobal
