
Microsoft Visual Studio Solution File, Format Version 12.00
# Visual Studio Version 17
VisualStudioVersion = 17.14.36408.4 d17.14
MinimumVisualStudioVersion = 10.0.40219.1
Project("{8BC9CEB8-8B4A-11D0-8D11-00A0C91BC942}") = "lab_10", "lab_10\lab_10.vcxproj", "{DCB8DF95-F772-45B3-A2C5-EA61C64C1A5F}"
EndProject
Project("{8BC9CEB8-8B4A-11D0-8D11-00A0C91BC942}") = "ValidationLibrary", "..\..\..\..\..\Job\c++Projects\ValidationLibrary\ValidationLibrary\ValidationLibrary.vcxproj", "{A959F20C-A9A0-47D0-9310-87128406FFDA}"
EndProject
Global
	GlobalSection(SolutionConfigurationPlatforms) = preSolution
		Debug|x64 = Debug|x64
		Debug|x86 = Debug|x86
		Release|x64 = Release|x64
		Release|x86 = Release|x86
	EndGlobalSection
	GlobalSection(ProjectConfigurationPlatforms) = postSolution
		{DCB8DF95-F772-45B3-A2C5-EA61C64C1A5F}.Debug|x64.ActiveCfg = Debug|x64
		{DCB8DF95-F772-45B3-A2C5-EA61C64C1A5F}.Debug|x64.Build.0 = Debug|x64
		{DCB8DF95-F772-45B3-A2C5-EA61C64C1A5F}.Debug|x86.ActiveCfg = Debug|Win32
		{DCB8DF95-F772-45B3-A2C5-EA61C64C1A5F}.Debug|x86.Build.0 = Debug|Win32
		{DCB8DF95-F772-45B3-A2C5-EA61C64C1A5F}.Release|x64.ActiveCfg = Release|x64
		{DCB8DF95-F772-45B3-A2C5-EA61C64C1A5F}.Release|x64.Build.0 = Release|x64
		{DCB8DF95-F772-45B3-A2C5-EA61C64C1A5F}.Release|x86.ActiveCfg = Release|Win32
		{DCB8DF95-F772-45B3-A2C5-EA61C64C1A5F}.Release|x86.Build.0 = Release|Win32
		{A959F20C-A9A0-47D0-9310-87128406FFDA}.Debug|x64.ActiveCfg = Debug|x64
		{A959F20C-A9A0-47D0-9310-87128406FFDA}.Debug|x64.Build.0 = Debug|x64
		{A959F20C-A9A0-47D0-9310-87128406FFDA}.Debug|x86.ActiveCfg = Debug|Win32
		{A959F20C-A9A0-47D0-9310-87128406FFDA}.Debug|x86.Build.0 = Debug|Win32
		{A959F20C-A9A0-47D0-9310-87128406FFDA}.Release|x64.ActiveCfg = Release|x64
		{A959F20C-A9A0-47D0-9310-87128406FFDA}.Release|x64.Build.0 = Release|x64
		{A959F20C-A9A0-47D0-9310-87128406FFDA}.Release|x86.ActiveCfg = Release|Win32
		{A959F20C-A9A0-47D0-9310-87128406FFDA}.Release|x86.Build.0 = Release|Win32
	EndGlobalSection
	GlobalSection(SolutionProperties) = preSolution
		HideSolutionNode = FALSE
	EndGlobalSection
	GlobalSection(ExtensibilityGlobals) = postSolution
		SolutionGuid = {0B0E0A69-9828-404E-9061-07C56C5D7651}
	EndGlobalSection
EndGlobal
